// !$*UTF8*$!
{
	archiveVersion = 1;
	classes = {
	};
	objectVersion = 56;
	objects = {

/* Begin PBXBuildFile section */
		60DDC9F22A1E0F1F00B24A2A /* main.cpp in Sources */ = {isa = PBXBuildFile; fileRef = 60DDC9F12A1E0F1F00B24A2A /* main.cpp */; };
		60DDC9FA2A1E0F7D00B24A2A /* Board.cpp in Sources */ = {isa = PBXBuildFile; fileRef = 60DDC9F82A1E0F7D00B24A2A /* Board.cpp */; };
		60DDC9FD2A1E0FA800B24A2A /* Player.cpp in Sources */ = {isa = PBXBuildFile; fileRef = 60DDC9FB2A1E0FA800B24A2A /* Player.cpp */; };
		60DDCA002A1E0FC100B24A2A /* Game.cpp in Sources */ = {isa = PBXBuildFile; fileRef = 60DDC9FE2A1E0FC100B24A2A /* Game.cpp */; };
/* End PBXBuildFile section */

/* Begin PBXCopyFilesBuildPhase section */
		60DDC9EC2A1E0F1F00B24A2A /* CopyFiles */ = {
			isa = PBXCopyFilesBuildPhase;
			buildActionMask = 2147483647;
			dstPath = /usr/share/man/man1/;
			dstSubfolderSpec = 0;
			files = (
			);
			runOnlyForDeploymentPostprocessing = 1;
		};
/* End PBXCopyFilesBuildPhase section */

/* Begin PBXFileReference section */
		60DDC9EE2A1E0F1F00B24A2A /* project 3 */ = {isa = PBXFileReference; explicitFileType = "compiled.mach-o.executable"; includeInIndex = 0; path = "project 3"; sourceTree = BUILT_PRODUCTS_DIR; };
		60DDC9F12A1E0F1F00B24A2A /* main.cpp */ = {isa = PBXFileReference; lastKnownFileType = sourcecode.cpp.cpp; path = main.cpp; sourceTree = "<group>"; };
		60DDC9F82A1E0F7D00B24A2A /* Board.cpp */ = {isa = PBXFileReference; lastKnownFileType = sourcecode.cpp.cpp; path = Board.cpp; sourceTree = "<group>"; wrapsLines = 0; };
		60DDC9F92A1E0F7D00B24A2A /* Board.h */ = {isa = PBXFileReference; lastKnownFileType = sourcecode.c.h; path = Board.h; sourceTree = "<group>"; };
		60DDC9FB2A1E0FA800B24A2A /* Player.cpp */ = {isa = PBXFileReference; lastKnownFileType = sourcecode.cpp.cpp; path = Player.cpp; sourceTree = "<group>"; };
		60DDC9FC2A1E0FA800B24A2A /* Player.h */ = {isa = PBXFileReference; lastKnownFileType = sourcecode.c.h; path = Player.h; sourceTree = "<group>"; };
		60DDC9FE2A1E0FC100B24A2A /* Game.cpp */ = {isa = PBXFileReference; lastKnownFileType = sourcecode.cpp.cpp; path = Game.cpp; sourceTree = "<group>"; };
		60DDC9FF2A1E0FC100B24A2A /* Game.h */ = {isa = PBXFileReference; lastKnownFileType = sourcecode.c.h; path = Game.h; sourceTree = "<group>"; };
		60DDCA012A1E101C00B24A2A /* Side.h */ = {isa = PBXFileReference; lastKnownFileType = sourcecode.c.h; path = Side.h; sourceTree = "<group>"; };
/* End PBXFileReference section */

/* Begin PBXFrameworksBuildPhase section */
		60DDC9EB2A1E0F1F00B24A2A /* Frameworks */ = {
			isa = PBXFrameworksBuildPhase;
			buildActionMask = 2147483647;
			files = (
			);
			runOnlyForDeploymentPostprocessing = 0;
		};
/* End PBXFrameworksBuildPhase section */

/* Begin PBXGroup section */
		60DDC9E52A1E0F1E00B24A2A = {
			isa = PBXGroup;
			children = (
				60DDC9F02A1E0F1F00B24A2A /* kalah */,
				60DDC9EF2A1E0F1F00B24A2A /* Products */,
			);
			sourceTree = "<group>";
		};
		60DDC9EF2A1E0F1F00B24A2A /* Products */ = {
			isa = PBXGroup;
			children = (
				60DDC9EE2A1E0F1F00B24A2A /* project 3 */,
			);
			name = Products;
			sourceTree = "<group>";
		};
		60DDC9F02A1E0F1F00B24A2A /* kalah */ = {
			isa = PBXGroup;
			children = (
				60DDC9F12A1E0F1F00B24A2A /* main.cpp */,
				60DDC9F82A1E0F7D00B24A2A /* Board.cpp */,
				60DDC9F92A1E0F7D00B24A2A /* Board.h */,
				60DDC9FB2A1E0FA800B24A2A /* Player.cpp */,
				60DDC9FC2A1E0FA800B24A2A /* Player.h */,
				60DDC9FE2A1E0FC100B24A2A /* Game.cpp */,
				60DDC9FF2A1E0FC100B24A2A /* Game.h */,
				60DDCA012A1E101C00B24A2A /* Side.h */,
			);
			path = kalah;
			sourceTree = "<group>";
		};
/* End PBXGroup section */

/* Begin PBXNativeTarget section */
		60DDC9ED2A1E0F1F00B24A2A /* project 3 */ = {
			isa = PBXNativeTarget;
			buildConfigurationList = 60DDC9F52A1E0F1F00B24A2A /* Build configuration list for PBXNativeTarget "project 3" */;
			buildPhases = (
				60DDC9EA2A1E0F1F00B24A2A /* Sources */,
				60DDC9EB2A1E0F1F00B24A2A /* Frameworks */,
				60DDC9EC2A1E0F1F00B24A2A /* CopyFiles */,
			);
			buildRules = (
			);
			dependencies = (
			);
			name = "project 3";
			productName = "project 3";
			productReference = 60DDC9EE2A1E0F1F00B24A2A /* project 3 */;
			productType = "com.apple.product-type.tool";
		};
/* End PBXNativeTarget section */

/* Begin PBXProject section */
		60DDC9E62A1E0F1E00B24A2A /* Project object */ = {
			isa = PBXProject;
			attributes = {
				BuildIndependentTargetsInParallel = 1;
				LastUpgradeCheck = 1420;
				TargetAttributes = {
					60DDC9ED2A1E0F1F00B24A2A = {
						CreatedOnToolsVersion = 14.2;
					};
				};
			};
			buildConfigurationList = 60DDC9E92A1E0F1E00B24A2A /* Build configuration list for PBXProject "kalah" */;
			compatibilityVersion = "Xcode 14.0";
			developmentRegion = en;
			hasScannedForEncodings = 0;
			knownRegions = (
				en,
				Base,
			);
			mainGroup = 60DDC9E52A1E0F1E00B24A2A;
			productRefGroup = 60DDC9EF2A1E0F1F00B24A2A /* Products */;
			projectDirPath = "";
			projectRoot = "";
			targets = (
				60DDC9ED2A1E0F1F00B24A2A /* project 3 */,
			);
		};
/* End PBXProject section */

/* Begin PBXSourcesBuildPhase section */
		60DDC9EA2A1E0F1F00B24A2A /* Sources */ = {
			isa = PBXSourcesBuildPhase;
			buildActionMask = 2147483647;
			files = (
				60DDC9FA2A1E0F7D00B24A2A /* Board.cpp in Sources */,
				60DDC9F22A1E0F1F00B24A2A /* main.cpp in Sources */,
				60DDC9FD2A1E0FA800B24A2A /* Player.cpp in Sources */,
				60DDCA002A1E0FC100B24A2A /* Game.cpp in Sources */,
			);
			runOnlyForDeploymentPostprocessing = 0;
		};
/* End PBXSourcesBuildPhase section */

/* Begin XCBuildConfiguration section */
		60DDC9F32A1E0F1F00B24A2A /* Debug */ = {
			isa = XCBuildConfiguration;
			buildSettings = {
				ALWAYS_SEARCH_USER_PATHS = NO;
				CLANG_ANALYZER_NONNULL = YES;
				CLANG_ANALYZER_NUMBER_OBJECT_CONVERSION = YES_AGGRESSIVE;
				CLANG_CXX_LANGUAGE_STANDARD = "gnu++20";
				CLANG_ENABLE_MODULES = YES;
				CLANG_ENABLE_OBJC_ARC = YES;
				CLANG_ENABLE_OBJC_WEAK = YES;
				CLANG_WARN_BLOCK_CAPTURE_AUTORELEASING = YES;
				CLANG_WARN_BOOL_CONVERSION = YES;
				CLANG_WARN_COMMA = YES;
				CLANG_WARN_CONSTANT_CONVERSION = YES;
				CLANG_WARN_DEPRECATED_OBJC_IMPLEMENTATIONS = YES;
				CLANG_WARN_DIRECT_OBJC_ISA_USAGE = YES_ERROR;
				CLANG_WARN_DOCUMENTATION_COMMENTS = YES;
				CLANG_WARN_EMPTY_BODY = YES;
				CLANG_WARN_ENUM_CONVERSION = YES;
				CLANG_WARN_INFINITE_RECURSION = YES;
				CLANG_WARN_INT_CONVERSION = YES;
				CLANG_WARN_NON_LITERAL_NULL_CONVERSION = YES;
				CLANG_WARN_OBJC_IMPLICIT_RETAIN_SELF = YES;
				CLANG_WARN_OBJC_LITERAL_CONVERSION = YES;
				CLANG_WARN_OBJC_ROOT_CLASS = YES_ERROR;
				CLANG_WARN_QUOTED_INCLUDE_IN_FRAMEWORK_HEADER = YES;
				CLANG_WARN_RANGE_LOOP_ANALYSIS = YES;
				CLANG_WARN_STRICT_PROTOTYPES = YES;
				CLANG_WARN_SUSPICIOUS_MOVE = YES;
				CLANG_WARN_UNGUARDED_AVAILABILITY = YES_AGGRESSIVE;
				CLANG_WARN_UNREACHABLE_CODE = YES;
				CLANG_WARN__DUPLICATE_METHOD_MATCH = YES;
				COPY_PHASE_STRIP = NO;
				DEBUG_INFORMATION_FORMAT = dwarf;
				ENABLE_STRICT_OBJC_MSGSEND = YES;
				ENABLE_TESTABILITY = YES;
				GCC_C_LANGUAGE_STANDARD = gnu11;
				GCC_DYNAMIC_NO_PIC = NO;
				GCC_NO_COMMON_BLOCKS = YES;
				GCC_OPTIMIZATION_LEVEL = 0;
				GCC_PREPROCESSOR_DEFINITIONS = (
					"DEBUG=1",
					"$(inherited)",
				);
				GCC_WARN_64_TO_32_BIT_CONVERSION = YES;
				GCC_WARN_ABOUT_RETURN_TYPE = YES_ERROR;
				GCC_WARN_UNDECLARED_SELECTOR = YES;
				GCC_WARN_UNINITIALIZED_AUTOS = YES_AGGRESSIVE;
				GCC_WARN_UNUSED_FUNCTION = YES;
				GCC_WARN_UNUSED_VARIABLE = YES;
				MACOSX_DEPLOYMENT_TARGET = 13.1;
				MTL_ENABLE_DEBUG_INFO = INCLUDE_SOURCE;
				MTL_FAST_MATH = YES;
				ONLY_ACTIVE_ARCH = YES;
				SDKROOT = macosx;
			};
			name = Debug;
		};
		60DDC9F42A1E0F1F00B24A2A /* Release */ = {
			isa = XCBuildConfiguration;
			buildSettings = {
				ALWAYS_SEARCH_USER_PATHS = NO;
				CLANG_ANALYZER_NONNULL = YES;
				CLANG_ANALYZER_NUMBER_OBJECT_CONVERSION = YES_AGGRESSIVE;
				CLANG_CXX_LANGUAGE_STANDARD = "gnu++20";
				CLANG_ENABLE_MODULES = YES;
				CLANG_ENABLE_OBJC_ARC = YES;
				CLANG_ENABLE_OBJC_WEAK = YES;
				CLANG_WARN_BLOCK_CAPTURE_AUTORELEASING = YES;
				CLANG_WARN_BOOL_CONVERSION = YES;
				CLANG_WARN_COMMA = YES;
				CLANG_WARN_CONSTANT_CONVERSION = YES;
				CLANG_WARN_DEPRECATED_OBJC_IMPLEMENTATIONS = YES;
				CLANG_WARN_DIRECT_OBJC_ISA_USAGE = YES_ERROR;
				CLANG_WARN_DOCUMENTATION_COMMENTS = YES;
				CLANG_WARN_EMPTY_BODY = YES;
				CLANG_WARN_ENUM_CONVERSION = YES;
				CLANG_WARN_INFINITE_RECURSION = YES;
				CLANG_WARN_INT_CONVERSION = YES;
				CLANG_WARN_NON_LITERAL_NULL_CONVERSION = YES;
				CLANG_WARN_OBJC_IMPLICIT_RETAIN_SELF = YES;
				CLANG_WARN_OBJC_LITERAL_CONVERSION = YES;
				CLANG_WARN_OBJC_ROOT_CLASS = YES_ERROR;
				CLANG_WARN_QUOTED_INCLUDE_IN_FRAMEWORK_HEADER = YES;
				CLANG_WARN_RANGE_LOOP_ANALYSIS = YES;
				CLANG_WARN_STRICT_PROTOTYPES = YES;
				CLANG_WARN_SUSPICIOUS_MOVE = YES;
				CLANG_WARN_UNGUARDED_AVAILABILITY = YES_AGGRESSIVE;
				CLANG_WARN_UNREACHABLE_CODE = YES;
				CLANG_WARN__DUPLICATE_METHOD_MATCH = YES;
				COPY_PHASE_STRIP = NO;
				DEBUG_INFORMATION_FORMAT = "dwarf-with-dsym";
				ENABLE_NS_ASSERTIONS = NO;
				ENABLE_STRICT_OBJC_MSGSEND = YES;
				GCC_C_LANGUAGE_STANDARD = gnu11;
				GCC_NO_COMMON_BLOCKS = YES;
				GCC_WARN_64_TO_32_BIT_CONVERSION = YES;
				GCC_WARN_ABOUT_RETURN_TYPE = YES_ERROR;
				GCC_WARN_UNDECLARED_SELECTOR = YES;
				GCC_WARN_UNINITIALIZED_AUTOS = YES_AGGRESSIVE;
				GCC_WARN_UNUSED_FUNCTION = YES;
				GCC_WARN_UNUSED_VARIABLE = YES;
				MACOSX_DEPLOYMENT_TARGET = 13.1;
				MTL_ENABLE_DEBUG_INFO = NO;
				MTL_FAST_MATH = YES;
				SDKROOT = macosx;
			};
			name = Release;
		};
		60DDC9F62A1E0F1F00B24A2A /* Debug */ = {
			isa = XCBuildConfiguration;
			buildSettings = {
				CODE_SIGN_STYLE = Automatic;
				PRODUCT_NAME = "$(TARGET_NAME)";
			};
			name = Debug;
		};
		60DDC9F72A1E0F1F00B24A2A /* Release */ = {
			isa = XCBuildConfiguration;
			buildSettings = {
				CODE_SIGN_STYLE = Automatic;
				PRODUCT_NAME = "$(TARGET_NAME)";
			};
			name = Release;
		};
/* End XCBuildConfiguration section */

/* Begin XCConfigurationList section */
		60DDC9E92A1E0F1E00B24A2A /* Build configuration list for PBXProject "kalah" */ = {
			isa = XCConfigurationList;
			buildConfigurations = (
				60DDC9F32A1E0F1F00B24A2A /* Debug */,
				60DDC9F42A1E0F1F00B24A2A /* Release */,
			);
			defaultConfigurationIsVisible = 0;
			defaultConfigurationName = Release;
		};
		60DDC9F52A1E0F1F00B24A2A /* Build configuration list for PBXNativeTarget "project 3" */ = {
			isa = XCConfigurationList;
			buildConfigurations = (
				60DDC9F62A1E0F1F00B24A2A /* Debug */,
				60DDC9F72A1E0F1F00B24A2A /* Release */,
			);
			defaultConfigurationIsVisible = 0;
			defaultConfigurationName = Release;
		};
/* End XCConfigurationList section */
	};
	rootObject = 60DDC9E62A1E0F1E00B24A2A /* Project object */;
}
